
Microsoft Visual Studio Solution File, Format Version 12.00
# Visual Studio 15
VisualStudioVersion = 15.0.27703.2026
MinimumVisualStudioVersion = 10.0.40219.1
Project("{9A19103F-16F7-4668-BE54-9A1E7A4F7556}") = "CheckoutKataAPI", "src\CheckoutKataAPI\CheckoutKataAPI.csproj", "{3C16C6DB-02BC-4568-8E3A-5FFB85F33372}"
EndProject
Project("{FAE04EC0-301F-11D3-BF4B-00C04F79EFBC}") = "CheckoutKataAPI.Test", "src\CheckoutKataAPI.Test\CheckoutKataAPI.Test.csproj", "{FC06956C-A853-4188-B934-19BEF942B5F0}"
EndProject
Global
	GlobalSection(SolutionConfigurationPlatforms) = preSolution
		Debug|Any CPU = Debug|Any CPU
		Release|Any CPU = Release|Any CPU
	EndGlobalSection
	GlobalSection(ProjectConfigurationPlatforms) = postSolution
		{3C16C6DB-02BC-4568-8E3A-5FFB85F33372}.Debug|Any CPU.ActiveCfg = Debug|Any CPU
		{3C16C6DB-02BC-4568-8E3A-5FFB85F33372}.Debug|Any CPU.Build.0 = Debug|Any CPU
		{3C16C6DB-02BC-4568-8E3A-5FFB85F33372}.Release|Any CPU.ActiveCfg = Release|Any CPU
		{3C16C6DB-02BC-4568-8E3A-5FFB85F33372}.Release|Any CPU.Build.0 = Release|Any CPU
		{FC06956C-A853-4188-B934-19BEF942B5F0}.Debug|Any CPU.ActiveCfg = Debug|Any CPU
		{FC06956C-A853-4188-B934-19BEF942B5F0}.Debug|Any CPU.Build.0 = Debug|Any CPU
		{FC06956C-A853-4188-B934-19BEF942B5F0}.Release|Any CPU.ActiveCfg = Release|Any CPU
		{FC06956C-A853-4188-B934-19BEF942B5F0}.Release|Any CPU.Build.0 = Release|Any CPU
	EndGlobalSection
	GlobalSection(SolutionProperties) = preSolution
		HideSolutionNode = FALSE
	EndGlobalSection
	GlobalSection(ExtensibilityGlobals) = postSolution
		SolutionGuid = {7FC1155E-71B3-4C02-B556-1AB2AD0E6FA8}
	EndGlobalSection
EndGlobal
